
Microsoft Visual Studio Solution File, Format Version 12.00
# Visual Studio Version 16
VisualStudioVersion = 16.0.30413.136
MinimumVisualStudioVersion = 10.0.40219.1
Project("{9A19103F-16F7-4668-BE54-9A1E7A4F7556}") = "eShop.WebApp", "eShop.WebApp\eShop.WebApp.csproj", "{E1CEEE75-52B2-445B-880A-CF3D7D2BF684}"
EndProject
Project("{2150E333-8FDC-42A3-9474-1A3956D46DE8}") = "Solution Items", "Solution Items", "{DB2FBA04-FAAD-45BA-BE34-DE772A1EC6B4}"
	ProjectSection(SolutionItems) = preProject
		README.md = README.md
	EndProjectSection
EndProject
Project("{FAE04EC0-301F-11D3-BF4B-00C04F79EFBC}") = "eShop.Data", "eShop.Data\eShop.Data.csproj", "{CD43E50B-34A5-4891-BD71-3149AAF2408F}"
EndProject
Project("{FAE04EC0-301F-11D3-BF4B-00C04F79EFBC}") = "eShop.LogicApp", "eShop.LogicApp\eShop.LogicApp.csproj", "{21F2C7A1-4966-4E7D-A50B-02F65E150E6E}"
EndProject
Global
	GlobalSection(SolutionConfigurationPlatforms) = preSolution
		Debug|Any CPU = Debug|Any CPU
		Release|Any CPU = Release|Any CPU
	EndGlobalSection
	GlobalSection(ProjectConfigurationPlatforms) = postSolution
		{E1CEEE75-52B2-445B-880A-CF3D7D2BF684}.Debug|Any CPU.ActiveCfg = Debug|Any CPU
		{E1CEEE75-52B2-445B-880A-CF3D7D2BF684}.Debug|Any CPU.Build.0 = Debug|Any CPU
		{E1CEEE75-52B2-445B-880A-CF3D7D2BF684}.Release|Any CPU.ActiveCfg = Release|Any CPU
		{E1CEEE75-52B2-445B-880A-CF3D7D2BF684}.Release|Any CPU.Build.0 = Release|Any CPU
		{CD43E50B-34A5-4891-BD71-3149AAF2408F}.Debug|Any CPU.ActiveCfg = Debug|Any CPU
		{CD43E50B-34A5-4891-BD71-3149AAF2408F}.Debug|Any CPU.Build.0 = Debug|Any CPU
		{CD43E50B-34A5-4891-BD71-3149AAF2408F}.Release|Any CPU.ActiveCfg = Release|Any CPU
		{CD43E50B-34A5-4891-BD71-3149AAF2408F}.Release|Any CPU.Build.0 = Release|Any CPU
		{21F2C7A1-4966-4E7D-A50B-02F65E150E6E}.Debug|Any CPU.ActiveCfg = Debug|Any CPU
		{21F2C7A1-4966-4E7D-A50B-02F65E150E6E}.Debug|Any CPU.Build.0 = Debug|Any CPU
		{21F2C7A1-4966-4E7D-A50B-02F65E150E6E}.Release|Any CPU.ActiveCfg = Release|Any CPU
		{21F2C7A1-4966-4E7D-A50B-02F65E150E6E}.Release|Any CPU.Build.0 = Release|Any CPU
	EndGlobalSection
	GlobalSection(SolutionProperties) = preSolution
		HideSolutionNode = FALSE
	EndGlobalSection
	GlobalSection(ExtensibilityGlobals) = postSolution
		SolutionGuid = {6D105FA3-7E06-455C-80F1-5DFAF33D77CD}
	EndGlobalSection
EndGlobal
